Microsoft Visual Studio Solution File, Format Version 12.00
# Visual Studio Version 17
VisualStudioVersion = 17.5.2.0
MinimumVisualStudioVersion = 10.0.40219.1
Project("{FAE04EC0-301F-11D3-BF4B-00C04F79EFBC}") = "CS2_Poor_Duels-ApiTest", "CS2_Poor_Duels-ApiTest.csproj", "{9E1C8933-C3C7-F867-2BB2-39840DA7DA1E}"
EndProject
Global
	GlobalSection(SolutionConfigurationPlatforms) = preSolution
		Debug|Any CPU = Debug|Any CPU
		Release|Any CPU = Release|Any CPU
	EndGlobalSection
	GlobalSection(ProjectConfigurationPlatforms) = postSolution
		{9E1C8933-C3C7-F867-2BB2-39840DA7DA1E}.Debug|Any CPU.ActiveCfg = Debug|Any CPU
		{9E1C8933-C3C7-F867-2BB2-39840DA7DA1E}.Debug|Any CPU.Build.0 = Debug|Any CPU
		{9E1C8933-C3C7-F867-2BB2-39840DA7DA1E}.Release|Any CPU.ActiveCfg = Release|Any CPU
		{9E1C8933-C3C7-F867-2BB2-39840DA7DA1E}.Release|Any CPU.Build.0 = Release|Any CPU
	EndGlobalSection
	GlobalSection(SolutionProperties) = preSolution
		HideSolutionNode = FALSE
	EndGlobalSection
	GlobalSection(ExtensibilityGlobals) = postSolution
		SolutionGuid = {766274AE-31CF-4BD3-A219-9FDE47866EA6}
	EndGlobalSection
EndGlobal
